
Microsoft Visual Studio Solution File, Format Version 11.00
# Visual Studio 2010
Project("{FAE04EC0-301F-11D3-BF4B-00C04F79EFBC}") = "EAS.WebShell", "EAS.WebShell.csproj", "{2EE44DC4-678B-46B6-B91D-4CFC3D2477B9}"
EndProject
Global
	GlobalSection(SolutionConfigurationPlatforms) = preSolution
		Debug|Any CPU = Debug|Any CPU
		Release|Any CPU = Release|Any CPU
	EndGlobalSection
	GlobalSection(ProjectConfigurationPlatforms) = postSolution
		{2EE44DC4-678B-46B6-B91D-4CFC3D2477B9}.Debug|Any CPU.ActiveCfg = Debug|Any CPU
		{2EE44DC4-678B-46B6-B91D-4CFC3D2477B9}.Debug|Any CPU.Build.0 = Debug|Any CPU
		{2EE44DC4-678B-46B6-B91D-4CFC3D2477B9}.Release|Any CPU.ActiveCfg = Release|Any CPU
		{2EE44DC4-678B-46B6-B91D-4CFC3D2477B9}.Release|Any CPU.Build.0 = Release|Any CPU
	EndGlobalSection
	GlobalSection(SolutionProperties) = preSolution
		HideSolutionNode = FALSE
	EndGlobalSection
EndGlobal
