
Microsoft Visual Studio Solution File, Format Version 12.00
# Visual Studio 2010
Project("{FAE04EC0-301F-11D3-BF4B-00C04F79EFBC}") = "RdlEngine", "RdlEngine\RdlEngine.csproj", "{C97E91F4-B310-44E2-9B6C-96775395722D}"
EndProject
Project("{FAE04EC0-301F-11D3-BF4B-00C04F79EFBC}") = "RdlViewer", "RdlViewer\RdlViewer.csproj", "{D99145B1-CB6C-41F5-BA86-723325145FB5}"
EndProject
Project("{FAE04EC0-301F-11D3-BF4B-00C04F79EFBC}") = "RdlDesigner.Start", "Start\RdlDesigner.Start.csproj", "{2B52805B-A92B-4580-AA99-B94C01565690}"
EndProject
Project("{FAE04EC0-301F-11D3-BF4B-00C04F79EFBC}") = "RdlDesigner3", "ReportDesigner3\RdlDesigner3.csproj", "{75FFB564-5035-4D4E-BCE6-B9D9900277BC}"
EndProject
Global
	GlobalSection(SolutionConfigurationPlatforms) = preSolution
		Debug|Any CPU = Debug|Any CPU
		Debug|Mixed Platforms = Debug|Mixed Platforms
		Debug|x86 = Debug|x86
		Release|Any CPU = Release|Any CPU
		Release|Mixed Platforms = Release|Mixed Platforms
		Release|x86 = Release|x86
	EndGlobalSection
	GlobalSection(ProjectConfigurationPlatforms) = postSolution
		{C97E91F4-B310-44E2-9B6C-96775395722D}.Debug|Any CPU.ActiveCfg = Debug|Any CPU
		{C97E91F4-B310-44E2-9B6C-96775395722D}.Debug|Mixed Platforms.ActiveCfg = Debug|Any CPU
		{C97E91F4-B310-44E2-9B6C-96775395722D}.Debug|Mixed Platforms.Build.0 = Debug|Any CPU
		{C97E91F4-B310-44E2-9B6C-96775395722D}.Debug|x86.ActiveCfg = Debug|Any CPU
		{C97E91F4-B310-44E2-9B6C-96775395722D}.Release|Any CPU.ActiveCfg = Release|Any CPU
		{C97E91F4-B310-44E2-9B6C-96775395722D}.Release|Any CPU.Build.0 = Release|Any CPU
		{C97E91F4-B310-44E2-9B6C-96775395722D}.Release|Mixed Platforms.ActiveCfg = Release|Any CPU
		{C97E91F4-B310-44E2-9B6C-96775395722D}.Release|Mixed Platforms.Build.0 = Release|Any CPU
		{C97E91F4-B310-44E2-9B6C-96775395722D}.Release|x86.ActiveCfg = Release|Any CPU
		{D99145B1-CB6C-41F5-BA86-723325145FB5}.Debug|Any CPU.ActiveCfg = Debug|Any CPU
		{D99145B1-CB6C-41F5-BA86-723325145FB5}.Debug|Mixed Platforms.ActiveCfg = Debug|Any CPU
		{D99145B1-CB6C-41F5-BA86-723325145FB5}.Debug|x86.ActiveCfg = Debug|Any CPU
		{D99145B1-CB6C-41F5-BA86-723325145FB5}.Release|Any CPU.ActiveCfg = Release|Any CPU
		{D99145B1-CB6C-41F5-BA86-723325145FB5}.Release|Any CPU.Build.0 = Release|Any CPU
		{D99145B1-CB6C-41F5-BA86-723325145FB5}.Release|Mixed Platforms.ActiveCfg = Release|Any CPU
		{D99145B1-CB6C-41F5-BA86-723325145FB5}.Release|Mixed Platforms.Build.0 = Release|Any CPU
		{D99145B1-CB6C-41F5-BA86-723325145FB5}.Release|x86.ActiveCfg = Release|Any CPU
		{2B52805B-A92B-4580-AA99-B94C01565690}.Debug|Any CPU.ActiveCfg = Debug|Any CPU
		{2B52805B-A92B-4580-AA99-B94C01565690}.Debug|Mixed Platforms.ActiveCfg = Debug|Any CPU
		{2B52805B-A92B-4580-AA99-B94C01565690}.Debug|x86.ActiveCfg = Debug|Any CPU
		{2B52805B-A92B-4580-AA99-B94C01565690}.Release|Any CPU.ActiveCfg = Release|Any CPU
		{2B52805B-A92B-4580-AA99-B94C01565690}.Release|Any CPU.Build.0 = Release|Any CPU
		{2B52805B-A92B-4580-AA99-B94C01565690}.Release|Mixed Platforms.ActiveCfg = Release|Any CPU
		{2B52805B-A92B-4580-AA99-B94C01565690}.Release|Mixed Platforms.Build.0 = Release|Any CPU
		{2B52805B-A92B-4580-AA99-B94C01565690}.Release|x86.ActiveCfg = Release|Any CPU
		{75FFB564-5035-4D4E-BCE6-B9D9900277BC}.Debug|Any CPU.ActiveCfg = Debug|Any CPU
		{75FFB564-5035-4D4E-BCE6-B9D9900277BC}.Debug|Mixed Platforms.ActiveCfg = Debug|Any CPU
		{75FFB564-5035-4D4E-BCE6-B9D9900277BC}.Debug|x86.ActiveCfg = Debug|Any CPU
		{75FFB564-5035-4D4E-BCE6-B9D9900277BC}.Release|Any CPU.ActiveCfg = Release|Any CPU
		{75FFB564-5035-4D4E-BCE6-B9D9900277BC}.Release|Any CPU.Build.0 = Release|Any CPU
		{75FFB564-5035-4D4E-BCE6-B9D9900277BC}.Release|Mixed Platforms.ActiveCfg = Release|Any CPU
		{75FFB564-5035-4D4E-BCE6-B9D9900277BC}.Release|Mixed Platforms.Build.0 = Release|Any CPU
		{75FFB564-5035-4D4E-BCE6-B9D9900277BC}.Release|x86.ActiveCfg = Release|Any CPU
	EndGlobalSection
	GlobalSection(SolutionProperties) = preSolution
		HideSolutionNode = FALSE
	EndGlobalSection
EndGlobal
