
Microsoft Visual Studio Solution File, Format Version 11.00
# Visual Studio 2010
Project("{FAE04EC0-301F-11D3-BF4B-00C04F79EFBC}") = "WF.Demo.UI", "WF.Demo.UI\WF.Demo.UI.csproj", "{8E54ECCF-C52E-4258-8BBF-BC0561670536}"
EndProject
Project("{FAE04EC0-301F-11D3-BF4B-00C04F79EFBC}") = "WF.Demo.DAL", "WF.Demo.DAL\WF.Demo.DAL.csproj", "{23D1F1A2-C0BD-47DD-B0CA-ED4F4A4571B0}"
EndProject
Global
	GlobalSection(SubversionScc) = preSolution
		Svn-Managed = True
		Manager = AnkhSVN - Subversion Support for Visual Studio
	EndGlobalSection
	GlobalSection(SolutionConfigurationPlatforms) = preSolution
		Debug|Any CPU = Debug|Any CPU
		Debug|Mixed Platforms = Debug|Mixed Platforms
		Debug|x86 = Debug|x86
		Release|Any CPU = Release|Any CPU
		Release|Mixed Platforms = Release|Mixed Platforms
		Release|x86 = Release|x86
	EndGlobalSection
	GlobalSection(ProjectConfigurationPlatforms) = postSolution
		{8E54ECCF-C52E-4258-8BBF-BC0561670536}.Debug|Any CPU.ActiveCfg = Debug|Any CPU
		{8E54ECCF-C52E-4258-8BBF-BC0561670536}.Debug|Any CPU.Build.0 = Debug|Any CPU
		{8E54ECCF-C52E-4258-8BBF-BC0561670536}.Debug|Mixed Platforms.ActiveCfg = Debug|Any CPU
		{8E54ECCF-C52E-4258-8BBF-BC0561670536}.Debug|Mixed Platforms.Build.0 = Debug|Any CPU
		{8E54ECCF-C52E-4258-8BBF-BC0561670536}.Debug|x86.ActiveCfg = Debug|Any CPU
		{8E54ECCF-C52E-4258-8BBF-BC0561670536}.Release|Any CPU.ActiveCfg = Release|Any CPU
		{8E54ECCF-C52E-4258-8BBF-BC0561670536}.Release|Any CPU.Build.0 = Release|Any CPU
		{8E54ECCF-C52E-4258-8BBF-BC0561670536}.Release|Mixed Platforms.ActiveCfg = Release|Any CPU
		{8E54ECCF-C52E-4258-8BBF-BC0561670536}.Release|Mixed Platforms.Build.0 = Release|Any CPU
		{8E54ECCF-C52E-4258-8BBF-BC0561670536}.Release|x86.ActiveCfg = Release|Any CPU
		{23D1F1A2-C0BD-47DD-B0CA-ED4F4A4571B0}.Debug|Any CPU.ActiveCfg = Debug|Any CPU
		{23D1F1A2-C0BD-47DD-B0CA-ED4F4A4571B0}.Debug|Any CPU.Build.0 = Debug|Any CPU
		{23D1F1A2-C0BD-47DD-B0CA-ED4F4A4571B0}.Debug|Mixed Platforms.ActiveCfg = Debug|Any CPU
		{23D1F1A2-C0BD-47DD-B0CA-ED4F4A4571B0}.Debug|Mixed Platforms.Build.0 = Debug|Any CPU
		{23D1F1A2-C0BD-47DD-B0CA-ED4F4A4571B0}.Debug|x86.ActiveCfg = Debug|Any CPU
		{23D1F1A2-C0BD-47DD-B0CA-ED4F4A4571B0}.Release|Any CPU.ActiveCfg = Release|Any CPU
		{23D1F1A2-C0BD-47DD-B0CA-ED4F4A4571B0}.Release|Any CPU.Build.0 = Release|Any CPU
		{23D1F1A2-C0BD-47DD-B0CA-ED4F4A4571B0}.Release|Mixed Platforms.ActiveCfg = Release|Any CPU
		{23D1F1A2-C0BD-47DD-B0CA-ED4F4A4571B0}.Release|Mixed Platforms.Build.0 = Release|Any CPU
		{23D1F1A2-C0BD-47DD-B0CA-ED4F4A4571B0}.Release|x86.ActiveCfg = Release|Any CPU
	EndGlobalSection
	GlobalSection(SolutionProperties) = preSolution
		HideSolutionNode = FALSE
	EndGlobalSection
EndGlobal
