Microsoft Visual Studio Solution File, Format Version 9.00
# Visual Studio 2005
Project("{FAE04EC0-301F-11D3-BF4B-00C04F79EFBC}") = "DataTests", "DataTests\DataTests.csproj", "{83A3414F-44B6-4FFB-89F2-A5F4EA2E8A3A}"
EndProject
Project("{FAE04EC0-301F-11D3-BF4B-00C04F79EFBC}") = "TestLibrary", "TestLibrary\TestLibrary.csproj", "{BD38FD13-1D56-4ECC-912A-F8694C4FD9F6}"
EndProject
Global
	GlobalSection(SolutionConfigurationPlatforms) = preSolution
		Debug|Any CPU = Debug|Any CPU
		Release|Any CPU = Release|Any CPU
	EndGlobalSection
	GlobalSection(ProjectConfigurationPlatforms) = postSolution
		{83A3414F-44B6-4FFB-89F2-A5F4EA2E8A3A}.Debug|Any CPU.ActiveCfg = Debug|Any CPU
		{83A3414F-44B6-4FFB-89F2-A5F4EA2E8A3A}.Debug|Any CPU.Build.0 = Debug|Any CPU
		{83A3414F-44B6-4FFB-89F2-A5F4EA2E8A3A}.Release|Any CPU.ActiveCfg = Release|Any CPU
		{83A3414F-44B6-4FFB-89F2-A5F4EA2E8A3A}.Release|Any CPU.Build.0 = Release|Any CPU
		{BD38FD13-1D56-4ECC-912A-F8694C4FD9F6}.Debug|Any CPU.ActiveCfg = Debug|Any CPU
		{BD38FD13-1D56-4ECC-912A-F8694C4FD9F6}.Debug|Any CPU.Build.0 = Debug|Any CPU
		{BD38FD13-1D56-4ECC-912A-F8694C4FD9F6}.Release|Any CPU.ActiveCfg = Release|Any CPU
		{BD38FD13-1D56-4ECC-912A-F8694C4FD9F6}.Release|Any CPU.Build.0 = Release|Any CPU
	EndGlobalSection
	GlobalSection(SolutionProperties) = preSolution
		HideSolutionNode = FALSE
	EndGlobalSection
EndGlobal
